
Microsoft Visual Studio Solution File, Format Version 12.00
# Visual Studio Version 16
VisualStudioVersion = 16.0.29509.3
MinimumVisualStudioVersion = 10.0.40219.1
Project("{FAE04EC0-301F-11D3-BF4B-00C04F79EFBC}") = "Hemming", "Hemming.csproj", "{C3328477-41FC-4BCF-BDCD-7F872BBA07FD}"
EndProject
Global
	GlobalSection(SolutionConfigurationPlatforms) = preSolution
		Debug|Any CPU = Debug|Any CPU
		Release|Any CPU = Release|Any CPU
	EndGlobalSection
	GlobalSection(ProjectConfigurationPlatforms) = postSolution
		{C3328477-41FC-4BCF-BDCD-7F872BBA07FD}.Debug|Any CPU.ActiveCfg = Debug|Any CPU
		{C3328477-41FC-4BCF-BDCD-7F872BBA07FD}.Debug|Any CPU.Build.0 = Debug|Any CPU
		{C3328477-41FC-4BCF-BDCD-7F872BBA07FD}.Release|Any CPU.ActiveCfg = Release|Any CPU
		{C3328477-41FC-4BCF-BDCD-7F872BBA07FD}.Release|Any CPU.Build.0 = Release|Any CPU
	EndGlobalSection
	GlobalSection(SolutionProperties) = preSolution
		HideSolutionNode = FALSE
	EndGlobalSection
	GlobalSection(ExtensibilityGlobals) = postSolution
		SolutionGuid = {16CAE514-C12F-467B-900F-E73AA69E3A1C}
	EndGlobalSection
EndGlobal
