
Microsoft Visual Studio Solution File, Format Version 12.00
# Visual Studio Version 16
VisualStudioVersion = 16.0.29519.181
MinimumVisualStudioVersion = 10.0.40219.1
Project("{FAE04EC0-301F-11D3-BF4B-00C04F79EFBC}") = "Музыка", "Музыка\Музыка.csproj", "{918EFF8E-50D6-4797-92A0-B155B933FE3D}"
EndProject
Global
	GlobalSection(SolutionConfigurationPlatforms) = preSolution
		Debug|Any CPU = Debug|Any CPU
		Release|Any CPU = Release|Any CPU
	EndGlobalSection
	GlobalSection(ProjectConfigurationPlatforms) = postSolution
		{918EFF8E-50D6-4797-92A0-B155B933FE3D}.Debug|Any CPU.ActiveCfg = Debug|Any CPU
		{918EFF8E-50D6-4797-92A0-B155B933FE3D}.Debug|Any CPU.Build.0 = Debug|Any CPU
		{918EFF8E-50D6-4797-92A0-B155B933FE3D}.Release|Any CPU.ActiveCfg = Release|Any CPU
		{918EFF8E-50D6-4797-92A0-B155B933FE3D}.Release|Any CPU.Build.0 = Release|Any CPU
	EndGlobalSection
	GlobalSection(SolutionProperties) = preSolution
		HideSolutionNode = FALSE
	EndGlobalSection
	GlobalSection(ExtensibilityGlobals) = postSolution
		SolutionGuid = {198309A5-A587-45E9-A4B5-E591169264CE}
	EndGlobalSection
EndGlobal
