
Microsoft Visual Studio Solution File, Format Version 12.00
Project("{FAE04EC0-301F-11D3-BF4B-00C04F79EFBC}") = "lab6", "lab6\lab6.csproj", "{8E923B76-7FBE-4F71-9979-5096666A745E}"
EndProject
Global
	GlobalSection(SolutionConfigurationPlatforms) = preSolution
		Debug|Any CPU = Debug|Any CPU
		Release|Any CPU = Release|Any CPU
	EndGlobalSection
	GlobalSection(ProjectConfigurationPlatforms) = postSolution
		{8E923B76-7FBE-4F71-9979-5096666A745E}.Debug|Any CPU.ActiveCfg = Debug|Any CPU
		{8E923B76-7FBE-4F71-9979-5096666A745E}.Debug|Any CPU.Build.0 = Debug|Any CPU
		{8E923B76-7FBE-4F71-9979-5096666A745E}.Release|Any CPU.ActiveCfg = Release|Any CPU
		{8E923B76-7FBE-4F71-9979-5096666A745E}.Release|Any CPU.Build.0 = Release|Any CPU
	EndGlobalSection
EndGlobal
