
Microsoft Visual Studio Solution File, Format Version 12.00
Project("{FAE04EC0-301F-11D3-BF4B-00C04F79EFBC}") = "lab4_c_sharp", "lab4_c_sharp\lab4_c_sharp.csproj", "{EDABA07B-6835-40B8-8899-688EFAB16427}"
EndProject
Global
	GlobalSection(SolutionConfigurationPlatforms) = preSolution
		Debug|Any CPU = Debug|Any CPU
		Release|Any CPU = Release|Any CPU
	EndGlobalSection
	GlobalSection(ProjectConfigurationPlatforms) = postSolution
		{EDABA07B-6835-40B8-8899-688EFAB16427}.Debug|Any CPU.ActiveCfg = Debug|Any CPU
		{EDABA07B-6835-40B8-8899-688EFAB16427}.Debug|Any CPU.Build.0 = Debug|Any CPU
		{EDABA07B-6835-40B8-8899-688EFAB16427}.Release|Any CPU.ActiveCfg = Release|Any CPU
		{EDABA07B-6835-40B8-8899-688EFAB16427}.Release|Any CPU.Build.0 = Release|Any CPU
	EndGlobalSection
EndGlobal
